// !$*UTF8*$!
{
	archiveVersion = 1;
	classes = {
	};
	objectVersion = 48;
	objects = {

/* Begin PBXBuildFile section */
		01D8FBA9200D8E3F00B04E75 /* AppDelegate.swift in Sources */ = {isa = PBXBuildFile; fileRef = 01D8FBA8200D8E3F00B04E75 /* AppDelegate.swift */; };
		01D8FBB0200D8E3F00B04E75 /* Assets.xcassets in Resources */ = {isa = PBXBuildFile; fileRef = 01D8FBAF200D8E3F00B04E75 /* Assets.xcassets */; };
		01D8FBB3200D8E3F00B04E75 /* LaunchScreen.storyboard in Resources */ = {isa = PBXBuildFile; fileRef = 01D8FBB1200D8E3F00B04E75 /* LaunchScreen.storyboard */; };
		01D8FBBE200D8E3F00B04E75 /* MPasswordTests.swift in Sources */ = {isa = PBXBuildFile; fileRef = 01D8FBBD200D8E3F00B04E75 /* MPasswordTests.swift */; };
		01D8FBC9200D8E3F00B04E75 /* MPasswordUITests.swift in Sources */ = {isa = PBXBuildFile; fileRef = 01D8FBC8200D8E3F00B04E75 /* MPasswordUITests.swift */; };
		01D8FBE7200DA00900B04E75 /* LoginViewController.xib in Resources */ = {isa = PBXBuildFile; fileRef = 01D8FBE5200DA00900B04E75 /* LoginViewController.xib */; };
		01D8FBE8200DA00900B04E75 /* LoginViewController.swift in Sources */ = {isa = PBXBuildFile; fileRef = 01D8FBE6200DA00900B04E75 /* LoginViewController.swift */; };
		01D8FBEC200DA02C00B04E75 /* RegisterViewController.swift in Sources */ = {isa = PBXBuildFile; fileRef = 01D8FBEA200DA02C00B04E75 /* RegisterViewController.swift */; };
		01D8FBED200DA02C00B04E75 /* RegisterViewController.xib in Resources */ = {isa = PBXBuildFile; fileRef = 01D8FBEB200DA02C00B04E75 /* RegisterViewController.xib */; };
		01D8FBF2200DD03200B04E75 /* BaseViewController.swift in Sources */ = {isa = PBXBuildFile; fileRef = 01D8FBF1200DD03200B04E75 /* BaseViewController.swift */; };
		01D8FBF5200DD1B600B04E75 /* MainViewController.swift in Sources */ = {isa = PBXBuildFile; fileRef = 01D8FBF3200DD1B600B04E75 /* MainViewController.swift */; };
		01D8FBF6200DD1B600B04E75 /* MainViewController.xib in Resources */ = {isa = PBXBuildFile; fileRef = 01D8FBF4200DD1B600B04E75 /* MainViewController.xib */; };
		01D8FBF8200DD59000B04E75 /* PasswordModel.swift in Sources */ = {isa = PBXBuildFile; fileRef = 01D8FBF7200DD59000B04E75 /* PasswordModel.swift */; };
		01D8FBFB200DD62C00B04E75 /* MainTableViewCell.swift in Sources */ = {isa = PBXBuildFile; fileRef = 01D8FBF9200DD62C00B04E75 /* MainTableViewCell.swift */; };
		01D8FBFC200DD62C00B04E75 /* MainTableViewCell.xib in Resources */ = {isa = PBXBuildFile; fileRef = 01D8FBFA200DD62C00B04E75 /* MainTableViewCell.xib */; };
		01D8FBFE200DDA5B00B04E75 /* AppApperaStyle.swift in Sources */ = {isa = PBXBuildFile; fileRef = 01D8FBFD200DDA5B00B04E75 /* AppApperaStyle.swift */; };
		01D8FC01200DE3E500B04E75 /* InfoViewController.swift in Sources */ = {isa = PBXBuildFile; fileRef = 01D8FBFF200DE3E500B04E75 /* InfoViewController.swift */; };
		01D8FC02200DE3E500B04E75 /* InfoViewController.xib in Resources */ = {isa = PBXBuildFile; fileRef = 01D8FC00200DE3E500B04E75 /* InfoViewController.xib */; };
		240898B4AC070EFF555C27A9 /* Pods_MPasswordTests.framework in Frameworks */ = {isa = PBXBuildFile; fileRef = 5E2B540981FC7C3CE06199FF /* Pods_MPasswordTests.framework */; };
		7BA2A85CBAEE28E6F50DC53C /* Pods_MPassword.framework in Frameworks */ = {isa = PBXBuildFile; fileRef = 2B86E2FF5E635DEE3DE2E89C /* Pods_MPassword.framework */; };
		DD2F44CF6903605D52456AB1 /* Pods_MPasswordUITests.framework in Frameworks */ = {isa = PBXBuildFile; fileRef = DCB5FBA8385C3CB54E786F19 /* Pods_MPasswordUITests.framework */; };
/* End PBXBuildFile section */

/* Begin PBXContainerItemProxy section */
		01D8FBBA200D8E3F00B04E75 /* PBXContainerItemProxy */ = {
			isa = PBXContainerItemProxy;
			containerPortal = 01D8FB9D200D8E3F00B04E75 /* Project object */;
			proxyType = 1;
			remoteGlobalIDString = 01D8FBA4200D8E3F00B04E75;
			remoteInfo = MPassword;
		};
		01D8FBC5200D8E3F00B04E75 /* PBXContainerItemProxy */ = {
			isa = PBXContainerItemProxy;
			containerPortal = 01D8FB9D200D8E3F00B04E75 /* Project object */;
			proxyType = 1;
			remoteGlobalIDString = 01D8FBA4200D8E3F00B04E75;
			remoteInfo = MPassword;
		};
/* End PBXContainerItemProxy section */

/* Begin PBXFileReference section */
		01D8FBA5200D8E3F00B04E75 /* MPassword.app */ = {isa = PBXFileReference; explicitFileType = wrapper.application; includeInIndex = 0; path = MPassword.app; sourceTree = BUILT_PRODUCTS_DIR; };
		01D8FBA8200D8E3F00B04E75 /* AppDelegate.swift */ = {isa = PBXFileReference; lastKnownFileType = sourcecode.swift; path = AppDelegate.swift; sourceTree = "<group>"; };
		01D8FBAF200D8E3F00B04E75 /* Assets.xcassets */ = {isa = PBXFileReference; lastKnownFileType = folder.assetcatalog; path = Assets.xcassets; sourceTree = "<group>"; };
		01D8FBB2200D8E3F00B04E75 /* Base */ = {isa = PBXFileReference; lastKnownFileType = file.storyboard; name = Base; path = Base.lproj/LaunchScreen.storyboard; sourceTree = "<group>"; };
		01D8FBB4200D8E3F00B04E75 /* Info.plist */ = {isa = PBXFileReference; lastKnownFileType = text.plist.xml; path = Info.plist; sourceTree = "<group>"; };
		01D8FBB9200D8E3F00B04E75 /* MPasswordTests.xctest */ = {isa = PBXFileReference; explicitFileType = wrapper.cfbundle; includeInIndex = 0; path = MPasswordTests.xctest; sourceTree = BUILT_PRODUCTS_DIR; };
		01D8FBBD200D8E3F00B04E75 /* MPasswordTests.swift */ = {isa = PBXFileReference; lastKnownFileType = sourcecode.swift; path = MPasswordTests.swift; sourceTree = "<group>"; };
		01D8FBBF200D8E3F00B04E75 /* Info.plist */ = {isa = PBXFileReference; lastKnownFileType = text.plist.xml; path = Info.plist; sourceTree = "<group>"; };
		01D8FBC4200D8E3F00B04E75 /* MPasswordUITests.xctest */ = {isa = PBXFileReference; explicitFileType = wrapper.cfbundle; includeInIndex = 0; path = MPasswordUITests.xctest; sourceTree = BUILT_PRODUCTS_DIR; };
		01D8FBC8200D8E3F00B04E75 /* MPasswordUITests.swift */ = {isa = PBXFileReference; lastKnownFileType = sourcecode.swift; path = MPasswordUITests.swift; sourceTree = "<group>"; };
		01D8FBCA200D8E3F00B04E75 /* Info.plist */ = {isa = PBXFileReference; lastKnownFileType = text.plist.xml; path = Info.plist; sourceTree = "<group>"; };
		01D8FBD6200D91B300B04E75 /* MPassword-Bridging-Header.h */ = {isa = PBXFileReference; lastKnownFileType = sourcecode.c.h; path = "MPassword-Bridging-Header.h"; sourceTree = "<group>"; };
		01D8FBE5200DA00900B04E75 /* LoginViewController.xib */ = {isa = PBXFileReference; fileEncoding = 4; lastKnownFileType = file.xib; path = LoginViewController.xib; sourceTree = "<group>"; };
		01D8FBE6200DA00900B04E75 /* LoginViewController.swift */ = {isa = PBXFileReference; fileEncoding = 4; lastKnownFileType = sourcecode.swift; path = LoginViewController.swift; sourceTree = "<group>"; };
		01D8FBEA200DA02C00B04E75 /* RegisterViewController.swift */ = {isa = PBXFileReference; lastKnownFileType = sourcecode.swift; path = RegisterViewController.swift; sourceTree = "<group>"; };
		01D8FBEB200DA02C00B04E75 /* RegisterViewController.xib */ = {isa = PBXFileReference; lastKnownFileType = file.xib; path = RegisterViewController.xib; sourceTree = "<group>"; };
		01D8FBF1200DD03200B04E75 /* BaseViewController.swift */ = {isa = PBXFileReference; lastKnownFileType = sourcecode.swift; path = BaseViewController.swift; sourceTree = "<group>"; };
		01D8FBF3200DD1B600B04E75 /* MainViewController.swift */ = {isa = PBXFileReference; lastKnownFileType = sourcecode.swift; path = MainViewController.swift; sourceTree = "<group>"; };
		01D8FBF4200DD1B600B04E75 /* MainViewController.xib */ = {isa = PBXFileReference; lastKnownFileType = file.xib; path = MainViewController.xib; sourceTree = "<group>"; };
		01D8FBF7200DD59000B04E75 /* PasswordModel.swift */ = {isa = PBXFileReference; lastKnownFileType = sourcecode.swift; path = PasswordModel.swift; sourceTree = "<group>"; };
		01D8FBF9200DD62C00B04E75 /* MainTableViewCell.swift */ = {isa = PBXFileReference; lastKnownFileType = sourcecode.swift; path = MainTableViewCell.swift; sourceTree = "<group>"; };
		01D8FBFA200DD62C00B04E75 /* MainTableViewCell.xib */ = {isa = PBXFileReference; lastKnownFileType = file.xib; path = MainTableViewCell.xib; sourceTree = "<group>"; };
		01D8FBFD200DDA5B00B04E75 /* AppApperaStyle.swift */ = {isa = PBXFileReference; lastKnownFileType = sourcecode.swift; path = AppApperaStyle.swift; sourceTree = "<group>"; };
		01D8FBFF200DE3E500B04E75 /* InfoViewController.swift */ = {isa = PBXFileReference; lastKnownFileType = sourcecode.swift; path = InfoViewController.swift; sourceTree = "<group>"; };
		01D8FC00200DE3E500B04E75 /* InfoViewController.xib */ = {isa = PBXFileReference; lastKnownFileType = file.xib; path = InfoViewController.xib; sourceTree = "<group>"; };
		2B86E2FF5E635DEE3DE2E89C /* Pods_MPassword.framework */ = {isa = PBXFileReference; explicitFileType = wrapper.framework; includeInIndex = 0; path = Pods_MPassword.framework; sourceTree = BUILT_PRODUCTS_DIR; };
		53DDA4ECA2B3F934DE80627D /* Pods-MPasswordTests.release.xcconfig */ = {isa = PBXFileReference; includeInIndex = 1; lastKnownFileType = text.xcconfig; name = "Pods-MPasswordTests.release.xcconfig"; path = "Pods/Target Support Files/Pods-MPasswordTests/Pods-MPasswordTests.release.xcconfig"; sourceTree = "<group>"; };
		5E2B540981FC7C3CE06199FF /* Pods_MPasswordTests.framework */ = {isa = PBXFileReference; explicitFileType = wrapper.framework; includeInIndex = 0; path = Pods_MPasswordTests.framework; sourceTree = BUILT_PRODUCTS_DIR; };
		AA472124B66DB780E2817FD7 /* Pods-MPassword.debug.xcconfig */ = {isa = PBXFileReference; includeInIndex = 1; lastKnownFileType = text.xcconfig; name = "Pods-MPassword.debug.xcconfig"; path = "Pods/Target Support Files/Pods-MPassword/Pods-MPassword.debug.xcconfig"; sourceTree = "<group>"; };
		BA721578BF5B404D48DF7B12 /* Pods-MPasswordTests.debug.xcconfig */ = {isa = PBXFileReference; includeInIndex = 1; lastKnownFileType = text.xcconfig; name = "Pods-MPasswordTests.debug.xcconfig"; path = "Pods/Target Support Files/Pods-MPasswordTests/Pods-MPasswordTests.debug.xcconfig"; sourceTree = "<group>"; };
		CB4150243FA8AA307CBB93AC /* Pods-MPasswordUITests.release.xcconfig */ = {isa = PBXFileReference; includeInIndex = 1; lastKnownFileType = text.xcconfig; name = "Pods-MPasswordUITests.release.xcconfig"; path = "Pods/Target Support Files/Pods-MPasswordUITests/Pods-MPasswordUITests.release.xcconfig"; sourceTree = "<group>"; };
		D2C85617B0E0F209761E86AF /* Pods-MPasswordUITests.debug.xcconfig */ = {isa = PBXFileReference; includeInIndex = 1; lastKnownFileType = text.xcconfig; name = "Pods-MPasswordUITests.debug.xcconfig"; path = "Pods/Target Support Files/Pods-MPasswordUITests/Pods-MPasswordUITests.debug.xcconfig"; sourceTree = "<group>"; };
		D3472AE1BA37127817609734 /* Pods-MPassword.release.xcconfig */ = {isa = PBXFileReference; includeInIndex = 1; lastKnownFileType = text.xcconfig; name = "Pods-MPassword.release.xcconfig"; path = "Pods/Target Support Files/Pods-MPassword/Pods-MPassword.release.xcconfig"; sourceTree = "<group>"; };
		DCB5FBA8385C3CB54E786F19 /* Pods_MPasswordUITests.framework */ = {isa = PBXFileReference; explicitFileType = wrapper.framework; includeInIndex = 0; path = Pods_MPasswordUITests.framework; sourceTree = BUILT_PRODUCTS_DIR; };
/* End PBXFileReference section */

/* Begin PBXFrameworksBuildPhase section */
		01D8FBA2200D8E3F00B04E75 /* Frameworks */ = {
			isa = PBXFrameworksBuildPhase;
			buildActionMask = 2147483647;
			files = (
				7BA2A85CBAEE28E6F50DC53C /* Pods_MPassword.framework in Frameworks */,
			);
			runOnlyForDeploymentPostprocessing = 0;
		};
		01D8FBB6200D8E3F00B04E75 /* Frameworks */ = {
			isa = PBXFrameworksBuildPhase;
			buildActionMask = 2147483647;
			files = (
				240898B4AC070EFF555C27A9 /* Pods_MPasswordTests.framework in Frameworks */,
			);
			runOnlyForDeploymentPostprocessing = 0;
		};
		01D8FBC1200D8E3F00B04E75 /* Frameworks */ = {
			isa = PBXFrameworksBuildPhase;
			buildActionMask = 2147483647;
			files = (
				DD2F44CF6903605D52456AB1 /* Pods_MPasswordUITests.framework in Frameworks */,
			);
			runOnlyForDeploymentPostprocessing = 0;
		};
/* End PBXFrameworksBuildPhase section */

/* Begin PBXGroup section */
		01D8FB9C200D8E3F00B04E75 = {
			isa = PBXGroup;
			children = (
				01D8FBA7200D8E3F00B04E75 /* MPassword */,
				01D8FBBC200D8E3F00B04E75 /* MPasswordTests */,
				01D8FBC7200D8E3F00B04E75 /* MPasswordUITests */,
				01D8FBA6200D8E3F00B04E75 /* Products */,
				D47576775D8D62557F2820D9 /* Pods */,
				A5136CD01DB132D378E9D555 /* Frameworks */,
			);
			sourceTree = "<group>";
		};
		01D8FBA6200D8E3F00B04E75 /* Products */ = {
			isa = PBXGroup;
			children = (
				01D8FBA5200D8E3F00B04E75 /* MPassword.app */,
				01D8FBB9200D8E3F00B04E75 /* MPasswordTests.xctest */,
				01D8FBC4200D8E3F00B04E75 /* MPasswordUITests.xctest */,
			);
			name = Products;
			sourceTree = "<group>";
		};
		01D8FBA7200D8E3F00B04E75 /* MPassword */ = {
			isa = PBXGroup;
			children = (
				01D8FBDA200D9E6A00B04E75 /* Modules */,
				01D8FBA8200D8E3F00B04E75 /* AppDelegate.swift */,
				01D8FBAF200D8E3F00B04E75 /* Assets.xcassets */,
				01D8FBB1200D8E3F00B04E75 /* LaunchScreen.storyboard */,
				01D8FBB4200D8E3F00B04E75 /* Info.plist */,
				01D8FBD6200D91B300B04E75 /* MPassword-Bridging-Header.h */,
			);
			path = MPassword;
			sourceTree = "<group>";
		};
		01D8FBBC200D8E3F00B04E75 /* MPasswordTests */ = {
			isa = PBXGroup;
			children = (
				01D8FBBD200D8E3F00B04E75 /* MPasswordTests.swift */,
				01D8FBBF200D8E3F00B04E75 /* Info.plist */,
			);
			path = MPasswordTests;
			sourceTree = "<group>";
		};
		01D8FBC7200D8E3F00B04E75 /* MPasswordUITests */ = {
			isa = PBXGroup;
			children = (
				01D8FBC8200D8E3F00B04E75 /* MPasswordUITests.swift */,
				01D8FBCA200D8E3F00B04E75 /* Info.plist */,
			);
			path = MPasswordUITests;
			sourceTree = "<group>";
		};
		01D8FBDA200D9E6A00B04E75 /* Modules */ = {
			isa = PBXGroup;
			children = (
				01D8FBEE200DA27D00B04E75 /* Expand */,
				01D8FBE9200DA00E00B04E75 /* Password */,
				01D8FBE4200D9FE900B04E75 /* Login */,
			);
			path = Modules;
			sourceTree = "<group>";
		};
		01D8FBE4200D9FE900B04E75 /* Login */ = {
			isa = PBXGroup;
			children = (
				01D8FBE6200DA00900B04E75 /* LoginViewController.swift */,
				01D8FBE5200DA00900B04E75 /* LoginViewController.xib */,
				01D8FBEA200DA02C00B04E75 /* RegisterViewController.swift */,
				01D8FBEB200DA02C00B04E75 /* RegisterViewController.xib */,
			);
			path = Login;
			sourceTree = "<group>";
		};
		01D8FBE9200DA00E00B04E75 /* Password */ = {
			isa = PBXGroup;
			children = (
				01D8FBF3200DD1B600B04E75 /* MainViewController.swift */,
				01D8FBF4200DD1B600B04E75 /* MainViewController.xib */,
				01D8FBF7200DD59000B04E75 /* PasswordModel.swift */,
				01D8FBF9200DD62C00B04E75 /* MainTableViewCell.swift */,
				01D8FBFA200DD62C00B04E75 /* MainTableViewCell.xib */,
				01D8FBFF200DE3E500B04E75 /* InfoViewController.swift */,
				01D8FC00200DE3E500B04E75 /* InfoViewController.xib */,
			);
			path = Password;
			sourceTree = "<group>";
		};
		01D8FBEE200DA27D00B04E75 /* Expand */ = {
			isa = PBXGroup;
			children = (
				01D8FBF1200DD03200B04E75 /* BaseViewController.swift */,
				01D8FBFD200DDA5B00B04E75 /* AppApperaStyle.swift */,
			);
			path = Expand;
			sourceTree = "<group>";
		};
		A5136CD01DB132D378E9D555 /* Frameworks */ = {
			isa = PBXGroup;
			children = (
				2B86E2FF5E635DEE3DE2E89C /* Pods_MPassword.framework */,
				5E2B540981FC7C3CE06199FF /* Pods_MPasswordTests.framework */,
				DCB5FBA8385C3CB54E786F19 /* Pods_MPasswordUITests.framework */,
			);
			name = Frameworks;
			sourceTree = "<group>";
		};
		D47576775D8D62557F2820D9 /* Pods */ = {
			isa = PBXGroup;
			children = (
				AA472124B66DB780E2817FD7 /* Pods-MPassword.debug.xcconfig */,
				D3472AE1BA37127817609734 /* Pods-MPassword.release.xcconfig */,
				BA721578BF5B404D48DF7B12 /* Pods-MPasswordTests.debug.xcconfig */,
				53DDA4ECA2B3F934DE80627D /* Pods-MPasswordTests.release.xcconfig */,
				D2C85617B0E0F209761E86AF /* Pods-MPasswordUITests.debug.xcconfig */,
				CB4150243FA8AA307CBB93AC /* Pods-MPasswordUITests.release.xcconfig */,
			);
			name = Pods;
			sourceTree = "<group>";
		};
/* End PBXGroup section */

/* Begin PBXNativeTarget section */
		01D8FBA4200D8E3F00B04E75 /* MPassword */ = {
			isa = PBXNativeTarget;
			buildConfigurationList = 01D8FBCD200D8E3F00B04E75 /* Build configuration list for PBXNativeTarget "MPassword" */;
			buildPhases = (
				7A3508E41E890B107D47DFD9 /* [CP] Check Pods Manifest.lock */,
				01D8FBA1200D8E3F00B04E75 /* Sources */,
				01D8FBA2200D8E3F00B04E75 /* Frameworks */,
				01D8FBA3200D8E3F00B04E75 /* Resources */,
				FB7C4D900A50314E179E022A /* [CP] Embed Pods Frameworks */,
				497D2DA2E6F9614EA3A5A726 /* [CP] Copy Pods Resources */,
			);
			buildRules = (
			);
			dependencies = (
			);
			name = MPassword;
			productName = MPassword;
			productReference = 01D8FBA5200D8E3F00B04E75 /* MPassword.app */;
			productType = "com.apple.product-type.application";
		};
		01D8FBB8200D8E3F00B04E75 /* MPasswordTests */ = {
			isa = PBXNativeTarget;
			buildConfigurationList = 01D8FBD0200D8E3F00B04E75 /* Build configuration list for PBXNativeTarget "MPasswordTests" */;
			buildPhases = (
				20F38E5D0D671DBD8186A9A6 /* [CP] Check Pods Manifest.lock */,
				01D8FBB5200D8E3F00B04E75 /* Sources */,
				01D8FBB6200D8E3F00B04E75 /* Frameworks */,
				01D8FBB7200D8E3F00B04E75 /* Resources */,
				421C41ABA3040BAD5FF67CA9 /* [CP] Embed Pods Frameworks */,
				F91505FC99991C089761C3AE /* [CP] Copy Pods Resources */,
			);
			buildRules = (
			);
			dependencies = (
				01D8FBBB200D8E3F00B04E75 /* PBXTargetDependency */,
			);
			name = MPasswordTests;
			productName = MPasswordTests;
			productReference = 01D8FBB9200D8E3F00B04E75 /* MPasswordTests.xctest */;
			productType = "com.apple.product-type.bundle.unit-test";
		};
		01D8FBC3200D8E3F00B04E75 /* MPasswordUITests */ = {
			isa = PBXNativeTarget;
			buildConfigurationList = 01D8FBD3200D8E3F00B04E75 /* Build configuration list for PBXNativeTarget "MPasswordUITests" */;
			buildPhases = (
				70FC3495B577420CE2FC131B /* [CP] Check Pods Manifest.lock */,
				01D8FBC0200D8E3F00B04E75 /* Sources */,
				01D8FBC1200D8E3F00B04E75 /* Frameworks */,
				01D8FBC2200D8E3F00B04E75 /* Resources */,
				F8B9E3772E995C31A2E200A0 /* [CP] Embed Pods Frameworks */,
				C97E8C9F3EA1C1685A0E3575 /* [CP] Copy Pods Resources */,
			);
			buildRules = (
			);
			dependencies = (
				01D8FBC6200D8E3F00B04E75 /* PBXTargetDependency */,
			);
			name = MPasswordUITests;
			productName = MPasswordUITests;
			productReference = 01D8FBC4200D8E3F00B04E75 /* MPasswordUITests.xctest */;
			productType = "com.apple.product-type.bundle.ui-testing";
		};
/* End PBXNativeTarget section */

/* Begin PBXProject section */
		01D8FB9D200D8E3F00B04E75 /* Project object */ = {
			isa = PBXProject;
			attributes = {
				LastSwiftUpdateCheck = 0920;
				LastUpgradeCheck = 0920;
				ORGANIZATIONNAME = "kris'Liu";
				TargetAttributes = {
					01D8FBA4200D8E3F00B04E75 = {
						CreatedOnToolsVersion = 9.2;
						LastSwiftMigration = 0920;
						ProvisioningStyle = Automatic;
					};
					01D8FBB8200D8E3F00B04E75 = {
						CreatedOnToolsVersion = 9.2;
						ProvisioningStyle = Automatic;
						TestTargetID = 01D8FBA4200D8E3F00B04E75;
					};
					01D8FBC3200D8E3F00B04E75 = {
						CreatedOnToolsVersion = 9.2;
						ProvisioningStyle = Automatic;
						TestTargetID = 01D8FBA4200D8E3F00B04E75;
					};
				};
			};
			buildConfigurationList = 01D8FBA0200D8E3F00B04E75 /* Build configuration list for PBXProject "MPassword" */;
			compatibilityVersion = "Xcode 8.0";
			developmentRegion = en;
			hasScannedForEncodings = 0;
			knownRegions = (
				en,
				Base,
			);
			mainGroup = 01D8FB9C200D8E3F00B04E75;
			productRefGroup = 01D8FBA6200D8E3F00B04E75 /* Products */;
			projectDirPath = "";
			projectRoot = "";
			targets = (
				01D8FBA4200D8E3F00B04E75 /* MPassword */,
				01D8FBB8200D8E3F00B04E75 /* MPasswordTests */,
				01D8FBC3200D8E3F00B04E75 /* MPasswordUITests */,
			);
		};
/* End PBXProject section */

/* Begin PBXResourcesBuildPhase section */
		01D8FBA3200D8E3F00B04E75 /* Resources */ = {
			isa = PBXResourcesBuildPhase;
			buildActionMask = 2147483647;
			files = (
				01D8FBFC200DD62C00B04E75 /* MainTableViewCell.xib in Resources */,
				01D8FBE7200DA00900B04E75 /* LoginViewController.xib in Resources */,
				01D8FBED200DA02C00B04E75 /* RegisterViewController.xib in Resources */,
				01D8FBF6200DD1B600B04E75 /* MainViewController.xib in Resources */,
				01D8FBB3200D8E3F00B04E75 /* LaunchScreen.storyboard in Resources */,
				01D8FC02200DE3E500B04E75 /* InfoViewController.xib in Resources */,
				01D8FBB0200D8E3F00B04E75 /* Assets.xcassets in Resources */,
			);
			runOnlyForDeploymentPostprocessing = 0;
		};
		01D8FBB7200D8E3F00B04E75 /* Resources */ = {
			isa = PBXResourcesBuildPhase;
			buildActionMask = 2147483647;
			files = (
			);
			runOnlyForDeploymentPostprocessing = 0;
		};
		01D8FBC2200D8E3F00B04E75 /* Resources */ = {
			isa = PBXResourcesBuildPhase;
			buildActionMask = 2147483647;
			files = (
			);
			runOnlyForDeploymentPostprocessing = 0;
		};
/* End PBXResourcesBuildPhase section */

/* Begin PBXShellScriptBuildPhase section */
		20F38E5D0D671DBD8186A9A6 /* [CP] Check Pods Manifest.lock */ = {
			isa = PBXShellScriptBuildPhase;
			buildActionMask = 2147483647;
			files = (
			);
			inputPaths = (
				"${PODS_PODFILE_DIR_PATH}/Podfile.lock",
				"${PODS_ROOT}/Manifest.lock",
			);
			name = "[CP] Check Pods Manifest.lock";
			outputPaths = (
				"$(DERIVED_FILE_DIR)/Pods-MPasswordTests-checkManifestLockResult.txt",
			);
			runOnlyForDeploymentPostprocessing = 0;
			shellPath = /bin/sh;
			shellScript = "diff \"${PODS_PODFILE_DIR_PATH}/Podfile.lock\" \"${PODS_ROOT}/Manifest.lock\" > /dev/null\nif [ $? != 0 ] ; then\n    # print error to STDERR\n    echo \"error: The sandbox is not in sync with the Podfile.lock. Run 'pod install' or update your CocoaPods installation.\" >&2\n    exit 1\nfi\n# This output is used by Xcode 'outputs' to avoid re-running this script phase.\necho \"SUCCESS\" > \"${SCRIPT_OUTPUT_FILE_0}\"\n";
			showEnvVarsInLog = 0;
		};
		421C41ABA3040BAD5FF67CA9 /* [CP] Embed Pods Frameworks */ = {
			isa = PBXShellScriptBuildPhase;
			buildActionMask = 2147483647;
			files = (
			);
			inputPaths = (
			);
			name = "[CP] Embed Pods Frameworks";
			outputPaths = (
			);
			runOnlyForDeploymentPostprocessing = 0;
			shellPath = /bin/sh;
			shellScript = "\"${SRCROOT}/Pods/Target Support Files/Pods-MPasswordTests/Pods-MPasswordTests-frameworks.sh\"\n";
			showEnvVarsInLog = 0;
		};
		497D2DA2E6F9614EA3A5A726 /* [CP] Copy Pods Resources */ = {
			isa = PBXShellScriptBuildPhase;
			buildActionMask = 2147483647;
			files = (
			);
			inputPaths = (
			);
			name = "[CP] Copy Pods Resources";
			outputPaths = (
			);
			runOnlyForDeploymentPostprocessing = 0;
			shellPath = /bin/sh;
			shellScript = "\"${SRCROOT}/Pods/Target Support Files/Pods-MPassword/Pods-MPassword-resources.sh\"\n";
			showEnvVarsInLog = 0;
		};
		70FC3495B577420CE2FC131B /* [CP] Check Pods Manifest.lock */ = {
			isa = PBXShellScriptBuildPhase;
			buildActionMask = 2147483647;
			files = (
			);
			inputPaths = (
				"${PODS_PODFILE_DIR_PATH}/Podfile.lock",
				"${PODS_ROOT}/Manifest.lock",
			);
			name = "[CP] Check Pods Manifest.lock";
			outputPaths = (
				"$(DERIVED_FILE_DIR)/Pods-MPasswordUITests-checkManifestLockResult.txt",
			);
			runOnlyForDeploymentPostprocessing = 0;
			shellPath = /bin/sh;
			shellScript = "diff \"${PODS_PODFILE_DIR_PATH}/Podfile.lock\" \"${PODS_ROOT}/Manifest.lock\" > /dev/null\nif [ $? != 0 ] ; then\n    # print error to STDERR\n    echo \"error: The sandbox is not in sync with the Podfile.lock. Run 'pod install' or update your CocoaPods installation.\" >&2\n    exit 1\nfi\n# This output is used by Xcode 'outputs' to avoid re-running this script phase.\necho \"SUCCESS\" > \"${SCRIPT_OUTPUT_FILE_0}\"\n";
			showEnvVarsInLog = 0;
		};
		7A3508E41E890B107D47DFD9 /* [CP] Check Pods Manifest.lock */ = {
			isa = PBXShellScriptBuildPhase;
			buildActionMask = 2147483647;
			files = (
			);
			inputPaths = (
				"${PODS_PODFILE_DIR_PATH}/Podfile.lock",
				"${PODS_ROOT}/Manifest.lock",
			);
			name = "[CP] Check Pods Manifest.lock";
			outputPaths = (
				"$(DERIVED_FILE_DIR)/Pods-MPassword-checkManifestLockResult.txt",
			);
			runOnlyForDeploymentPostprocessing = 0;
			shellPath = /bin/sh;
			shellScript = "diff \"${PODS_PODFILE_DIR_PATH}/Podfile.lock\" \"${PODS_ROOT}/Manifest.lock\" > /dev/null\nif [ $? != 0 ] ; then\n    # print error to STDERR\n    echo \"error: The sandbox is not in sync with the Podfile.lock. Run 'pod install' or update your CocoaPods installation.\" >&2\n    exit 1\nfi\n# This output is used by Xcode 'outputs' to avoid re-running this script phase.\necho \"SUCCESS\" > \"${SCRIPT_OUTPUT_FILE_0}\"\n";
			showEnvVarsInLog = 0;
		};
		C97E8C9F3EA1C1685A0E3575 /* [CP] Copy Pods Resources */ = {
			isa = PBXShellScriptBuildPhase;
			buildActionMask = 2147483647;
			files = (
			);
			inputPaths = (
			);
			name = "[CP] Copy Pods Resources";
			outputPaths = (
			);
			runOnlyForDeploymentPostprocessing = 0;
			shellPath = /bin/sh;
			shellScript = "\"${SRCROOT}/Pods/Target Support Files/Pods-MPasswordUITests/Pods-MPasswordUITests-resources.sh\"\n";
			showEnvVarsInLog = 0;
		};
		F8B9E3772E995C31A2E200A0 /* [CP] Embed Pods Frameworks */ = {
			isa = PBXShellScriptBuildPhase;
			buildActionMask = 2147483647;
			files = (
			);
			inputPaths = (
			);
			name = "[CP] Embed Pods Frameworks";
			outputPaths = (
			);
			runOnlyForDeploymentPostprocessing = 0;
			shellPath = /bin/sh;
			shellScript = "\"${SRCROOT}/Pods/Target Support Files/Pods-MPasswordUITests/Pods-MPasswordUITests-frameworks.sh\"\n";
			showEnvVarsInLog = 0;
		};
		F91505FC99991C089761C3AE /* [CP] Copy Pods Resources */ = {
			isa = PBXShellScriptBuildPhase;
			buildActionMask = 2147483647;
			files = (
			);
			inputPaths = (
			);
			name = "[CP] Copy Pods Resources";
			outputPaths = (
			);
			runOnlyForDeploymentPostprocessing = 0;
			shellPath = /bin/sh;
			shellScript = "\"${SRCROOT}/Pods/Target Support Files/Pods-MPasswordTests/Pods-MPasswordTests-resources.sh\"\n";
			showEnvVarsInLog = 0;
		};
		FB7C4D900A50314E179E022A /* [CP] Embed Pods Frameworks */ = {
			isa = PBXShellScriptBuildPhase;
			buildActionMask = 2147483647;
			files = (
			);
			inputPaths = (
				"${SRCROOT}/Pods/Target Support Files/Pods-MPassword/Pods-MPassword-frameworks.sh",
				"${BUILT_PRODUCTS_DIR}/SnapKit/SnapKit.framework",
				"${BUILT_PRODUCTS_DIR}/SwiftyJSON/SwiftyJSON.framework",
			);
			name = "[CP] Embed Pods Frameworks";
			outputPaths = (
				"${TARGET_BUILD_DIR}/${FRAMEWORKS_FOLDER_PATH}/SnapKit.framework",
				"${TARGET_BUILD_DIR}/${FRAMEWORKS_FOLDER_PATH}/SwiftyJSON.framework",
			);
			runOnlyForDeploymentPostprocessing = 0;
			shellPath = /bin/sh;
			shellScript = "\"${SRCROOT}/Pods/Target Support Files/Pods-MPassword/Pods-MPassword-frameworks.sh\"\n";
			showEnvVarsInLog = 0;
		};
/* End PBXShellScriptBuildPhase section */

/* Begin PBXSourcesBuildPhase section */
		01D8FBA1200D8E3F00B04E75 /* Sources */ = {
			isa = PBXSourcesBuildPhase;
			buildActionMask = 2147483647;
			files = (
				01D8FBF8200DD59000B04E75 /* PasswordModel.swift in Sources */,
				01D8FBEC200DA02C00B04E75 /* RegisterViewController.swift in Sources */,
				01D8FBFE200DDA5B00B04E75 /* AppApperaStyle.swift in Sources */,
				01D8FBF2200DD03200B04E75 /* BaseViewController.swift in Sources */,
				01D8FC01200DE3E500B04E75 /* InfoViewController.swift in Sources */,
				01D8FBFB200DD62C00B04E75 /* MainTableViewCell.swift in Sources */,
				01D8FBE8200DA00900B04E75 /* LoginViewController.swift in Sources */,
				01D8FBA9200D8E3F00B04E75 /* AppDelegate.swift in Sources */,
				01D8FBF5200DD1B600B04E75 /* MainViewController.swift in Sources */,
			);
			runOnlyForDeploymentPostprocessing = 0;
		};
		01D8FBB5200D8E3F00B04E75 /* Sources */ = {
			isa = PBXSourcesBuildPhase;
			buildActionMask = 2147483647;
			files = (
				01D8FBBE200D8E3F00B04E75 /* MPasswordTests.swift in Sources */,
			);
			runOnlyForDeploymentPostprocessing = 0;
		};
		01D8FBC0200D8E3F00B04E75 /* Sources */ = {
			isa = PBXSourcesBuildPhase;
			buildActionMask = 2147483647;
			files = (
				01D8FBC9200D8E3F00B04E75 /* MPasswordUITests.swift in Sources */,
			);
			runOnlyForDeploymentPostprocessing = 0;
		};
/* End PBXSourcesBuildPhase section */

/* Begin PBXTargetDependency section */
		01D8FBBB200D8E3F00B04E75 /* PBXTargetDependency */ = {
			isa = PBXTargetDependency;
			target = 01D8FBA4200D8E3F00B04E75 /* MPassword */;
			targetProxy = 01D8FBBA200D8E3F00B04E75 /* PBXContainerItemProxy */;
		};
		01D8FBC6200D8E3F00B04E75 /* PBXTargetDependency */ = {
			isa = PBXTargetDependency;
			target = 01D8FBA4200D8E3F00B04E75 /* MPassword */;
			targetProxy = 01D8FBC5200D8E3F00B04E75 /* PBXContainerItemProxy */;
		};
/* End PBXTargetDependency section */

/* Begin PBXVariantGroup section */
		01D8FBB1200D8E3F00B04E75 /* LaunchScreen.storyboard */ = {
			isa = PBXVariantGroup;
			children = (
				01D8FBB2200D8E3F00B04E75 /* Base */,
			);
			name = LaunchScreen.storyboard;
			sourceTree = "<group>";
		};
/* End PBXVariantGroup section */

/* Begin XCBuildConfiguration section */
		01D8FBCB200D8E3F00B04E75 /* Debug */ = {
			isa = XCBuildConfiguration;
			buildSettings = {
				ALWAYS_SEARCH_USER_PATHS = NO;
				CLANG_ANALYZER_NONNULL = YES;
				CLANG_ANALYZER_NUMBER_OBJECT_CONVERSION = YES_AGGRESSIVE;
				CLANG_CXX_LANGUAGE_STANDARD = "gnu++14";
				CLANG_CXX_LIBRARY = "libc++";
				CLANG_ENABLE_MODULES = YES;
				CLANG_ENABLE_OBJC_ARC = YES;
				CLANG_WARN_BLOCK_CAPTURE_AUTORELEASING = YES;
				CLANG_WARN_BOOL_CONVERSION = YES;
				CLANG_WARN_COMMA = YES;
				CLANG_WARN_CONSTANT_CONVERSION = YES;
				CLANG_WARN_DIRECT_OBJC_ISA_USAGE = YES_ERROR;
				CLANG_WARN_DOCUMENTATION_COMMENTS = YES;
				CLANG_WARN_EMPTY_BODY = YES;
				CLANG_WARN_ENUM_CONVERSION = YES;
				CLANG_WARN_INFINITE_RECURSION = YES;
				CLANG_WARN_INT_CONVERSION = YES;
				CLANG_WARN_NON_LITERAL_NULL_CONVERSION = YES;
				CLANG_WARN_OBJC_LITERAL_CONVERSION = YES;
				CLANG_WARN_OBJC_ROOT_CLASS = YES_ERROR;
				CLANG_WARN_RANGE_LOOP_ANALYSIS = YES;
				CLANG_WARN_STRICT_PROTOTYPES = YES;
				CLANG_WARN_SUSPICIOUS_MOVE = YES;
				CLANG_WARN_UNGUARDED_AVAILABILITY = YES_AGGRESSIVE;
				CLANG_WARN_UNREACHABLE_CODE = YES;
				CLANG_WARN__DUPLICATE_METHOD_MATCH = YES;
				CODE_SIGN_IDENTITY = "iPhone Developer";
				COPY_PHASE_STRIP = NO;
				DEBUG_INFORMATION_FORMAT = dwarf;
				ENABLE_STRICT_OBJC_MSGSEND = YES;
				ENABLE_TESTABILITY = YES;
				GCC_C_LANGUAGE_STANDARD = gnu11;
				GCC_DYNAMIC_NO_PIC = NO;
				GCC_NO_COMMON_BLOCKS = YES;
				GCC_OPTIMIZATION_LEVEL = 0;
				GCC_PREPROCESSOR_DEFINITIONS = (
					"DEBUG=1",
					"$(inherited)",
				);
				GCC_WARN_64_TO_32_BIT_CONVERSION = YES;
				GCC_WARN_ABOUT_RETURN_TYPE = YES_ERROR;
				GCC_WARN_UNDECLARED_SELECTOR = YES;
				GCC_WARN_UNINITIALIZED_AUTOS = YES_AGGRESSIVE;
				GCC_WARN_UNUSED_FUNCTION = YES;
				GCC_WARN_UNUSED_VARIABLE = YES;
				IPHONEOS_DEPLOYMENT_TARGET = 11.2;
				MTL_ENABLE_DEBUG_INFO = YES;
				ONLY_ACTIVE_ARCH = YES;
				SDKROOT = iphoneos;
				SWIFT_ACTIVE_COMPILATION_CONDITIONS = DEBUG;
				SWIFT_OPTIMIZATION_LEVEL = "-Onone";
			};
			name = Debug;
		};
		01D8FBCC200D8E3F00B04E75 /* Release */ = {
			isa = XCBuildConfiguration;
			buildSettings = {
				ALWAYS_SEARCH_USER_PATHS = NO;
				CLANG_ANALYZER_NONNULL = YES;
				CLANG_ANALYZER_NUMBER_OBJECT_CONVERSION = YES_AGGRESSIVE;
				CLANG_CXX_LANGUAGE_STANDARD = "gnu++14";
				CLANG_CXX_LIBRARY = "libc++";
				CLANG_ENABLE_MODULES = YES;
				CLANG_ENABLE_OBJC_ARC = YES;
				CLANG_WARN_BLOCK_CAPTURE_AUTORELEASING = YES;
				CLANG_WARN_BOOL_CONVERSION = YES;
				CLANG_WARN_COMMA = YES;
				CLANG_WARN_CONSTANT_CONVERSION = YES;
				CLANG_WARN_DIRECT_OBJC_ISA_USAGE = YES_ERROR;
				CLANG_WARN_DOCUMENTATION_COMMENTS = YES;
				CLANG_WARN_EMPTY_BODY = YES;
				CLANG_WARN_ENUM_CONVERSION = YES;
				CLANG_WARN_INFINITE_RECURSION = YES;
				CLANG_WARN_INT_CONVERSION = YES;
				CLANG_WARN_NON_LITERAL_NULL_CONVERSION = YES;
				CLANG_WARN_OBJC_LITERAL_CONVERSION = YES;
				CLANG_WARN_OBJC_ROOT_CLASS = YES_ERROR;
				CLANG_WARN_RANGE_LOOP_ANALYSIS = YES;
				CLANG_WARN_STRICT_PROTOTYPES = YES;
				CLANG_WARN_SUSPICIOUS_MOVE = YES;
				CLANG_WARN_UNGUARDED_AVAILABILITY = YES_AGGRESSIVE;
				CLANG_WARN_UNREACHABLE_CODE = YES;
				CLANG_WARN__DUPLICATE_METHOD_MATCH = YES;
				CODE_SIGN_IDENTITY = "iPhone Developer";
				COPY_PHASE_STRIP = NO;
				DEBUG_INFORMATION_FORMAT = "dwarf-with-dsym";
				ENABLE_NS_ASSERTIONS = NO;
				ENABLE_STRICT_OBJC_MSGSEND = YES;
				GCC_C_LANGUAGE_STANDARD = gnu11;
				GCC_NO_COMMON_BLOCKS = YES;
				GCC_WARN_64_TO_32_BIT_CONVERSION = YES;
				GCC_WARN_ABOUT_RETURN_TYPE = YES_ERROR;
				GCC_WARN_UNDECLARED_SELECTOR = YES;
				GCC_WARN_UNINITIALIZED_AUTOS = YES_AGGRESSIVE;
				GCC_WARN_UNUSED_FUNCTION = YES;
				GCC_WARN_UNUSED_VARIABLE = YES;
				IPHONEOS_DEPLOYMENT_TARGET = 11.2;
				MTL_ENABLE_DEBUG_INFO = NO;
				SDKROOT = iphoneos;
				SWIFT_OPTIMIZATION_LEVEL = "-Owholemodule";
				VALIDATE_PRODUCT = YES;
			};
			name = Release;
		};
		01D8FBCE200D8E3F00B04E75 /* Debug */ = {
			isa = XCBuildConfiguration;
			baseConfigurationReference = AA472124B66DB780E2817FD7 /* Pods-MPassword.debug.xcconfig */;
			buildSettings = {
				ASSETCATALOG_COMPILER_APPICON_NAME = AppIcon;
				CLANG_ENABLE_MODULES = YES;
				CODE_SIGN_STYLE = Automatic;
				DEVELOPMENT_TEAM = CX9244259Y;
				INFOPLIST_FILE = MPassword/Info.plist;
				LD_RUNPATH_SEARCH_PATHS = "$(inherited) @executable_path/Frameworks";
				PRODUCT_BUNDLE_IDENTIFIER = com.feng.test.1.MPassword;
				PRODUCT_NAME = "$(TARGET_NAME)";
				SWIFT_OBJC_BRIDGING_HEADER = "MPassword/MPassword-Bridging-Header.h";
				SWIFT_OPTIMIZATION_LEVEL = "-Onone";
				SWIFT_VERSION = 4.0;
				TARGETED_DEVICE_FAMILY = "1,2";
			};
			name = Debug;
		};
		01D8FBCF200D8E3F00B04E75 /* Release */ = {
			isa = XCBuildConfiguration;
			baseConfigurationReference = D3472AE1BA37127817609734 /* Pods-MPassword.release.xcconfig */;
			buildSettings = {
				ASSETCATALOG_COMPILER_APPICON_NAME = AppIcon;
				CLANG_ENABLE_MODULES = YES;
				CODE_SIGN_STYLE = Automatic;
				DEVELOPMENT_TEAM = CX9244259Y;
				INFOPLIST_FILE = MPassword/Info.plist;
				LD_RUNPATH_SEARCH_PATHS = "$(inherited) @executable_path/Frameworks";
				PRODUCT_BUNDLE_IDENTIFIER = com.feng.test.1.MPassword;
				PRODUCT_NAME = "$(TARGET_NAME)";
				SWIFT_OBJC_BRIDGING_HEADER = "MPassword/MPassword-Bridging-Header.h";
				SWIFT_VERSION = 4.0;
				TARGETED_DEVICE_FAMILY = "1,2";
			};
			name = Release;
		};
		01D8FBD1200D8E3F00B04E75 /* Debug */ = {
			isa = XCBuildConfiguration;
			baseConfigurationReference = BA721578BF5B404D48DF7B12 /* Pods-MPasswordTests.debug.xcconfig */;
			buildSettings = {
				ALWAYS_EMBED_SWIFT_STANDARD_LIBRARIES = YES;
				BUNDLE_LOADER = "$(TEST_HOST)";
				CODE_SIGN_STYLE = Automatic;
				DEVELOPMENT_TEAM = CX9244259Y;
				INFOPLIST_FILE = MPasswordTests/Info.plist;
				LD_RUNPATH_SEARCH_PATHS = "$(inherited) @executable_path/Frameworks @loader_path/Frameworks";
				PRODUCT_BUNDLE_IDENTIFIER = com.feng.test.1.MPasswordTests;
				PRODUCT_NAME = "$(TARGET_NAME)";
				SWIFT_VERSION = 4.0;
				TARGETED_DEVICE_FAMILY = "1,2";
				TEST_HOST = "$(BUILT_PRODUCTS_DIR)/MPassword.app/MPassword";
			};
			name = Debug;
		};
		01D8FBD2200D8E3F00B04E75 /* Release */ = {
			isa = XCBuildConfiguration;
			baseConfigurationReference = 53DDA4ECA2B3F934DE80627D /* Pods-MPasswordTests.release.xcconfig */;
			buildSettings = {
				ALWAYS_EMBED_SWIFT_STANDARD_LIBRARIES = YES;
				BUNDLE_LOADER = "$(TEST_HOST)";
				CODE_SIGN_STYLE = Automatic;
				DEVELOPMENT_TEAM = CX9244259Y;
				INFOPLIST_FILE = MPasswordTests/Info.plist;
				LD_RUNPATH_SEARCH_PATHS = "$(inherited) @executable_path/Frameworks @loader_path/Frameworks";
				PRODUCT_BUNDLE_IDENTIFIER = com.feng.test.1.MPasswordTests;
				PRODUCT_NAME = "$(TARGET_NAME)";
				SWIFT_VERSION = 4.0;
				TARGETED_DEVICE_FAMILY = "1,2";
				TEST_HOST = "$(BUILT_PRODUCTS_DIR)/MPassword.app/MPassword";
			};
			name = Release;
		};
		01D8FBD4200D8E3F00B04E75 /* Debug */ = {
			isa = XCBuildConfiguration;
			baseConfigurationReference = D2C85617B0E0F209761E86AF /* Pods-MPasswordUITests.debug.xcconfig */;
			buildSettings = {
				ALWAYS_EMBED_SWIFT_STANDARD_LIBRARIES = YES;
				CODE_SIGN_STYLE = Automatic;
				DEVELOPMENT_TEAM = CX9244259Y;
				INFOPLIST_FILE = MPasswordUITests/Info.plist;
				LD_RUNPATH_SEARCH_PATHS = "$(inherited) @executable_path/Frameworks @loader_path/Frameworks";
				PRODUCT_BUNDLE_IDENTIFIER = com.feng.test.1.MPasswordUITests;
				PRODUCT_NAME = "$(TARGET_NAME)";
				SWIFT_VERSION = 4.0;
				TARGETED_DEVICE_FAMILY = "1,2";
				TEST_TARGET_NAME = MPassword;
			};
			name = Debug;
		};
		01D8FBD5200D8E3F00B04E75 /* Release */ = {
			isa = XCBuildConfiguration;
			baseConfigurationReference = CB4150243FA8AA307CBB93AC /* Pods-MPasswordUITests.release.xcconfig */;
			buildSettings = {
				ALWAYS_EMBED_SWIFT_STANDARD_LIBRARIES = YES;
				CODE_SIGN_STYLE = Automatic;
				DEVELOPMENT_TEAM = CX9244259Y;
				INFOPLIST_FILE = MPasswordUITests/Info.plist;
				LD_RUNPATH_SEARCH_PATHS = "$(inherited) @executable_path/Frameworks @loader_path/Frameworks";
				PRODUCT_BUNDLE_IDENTIFIER = com.feng.test.1.MPasswordUITests;
				PRODUCT_NAME = "$(TARGET_NAME)";
				SWIFT_VERSION = 4.0;
				TARGETED_DEVICE_FAMILY = "1,2";
				TEST_TARGET_NAME = MPassword;
			};
			name = Release;
		};
/* End XCBuildConfiguration section */

/* Begin XCConfigurationList section */
		01D8FBA0200D8E3F00B04E75 /* Build configuration list for PBXProject "MPassword" */ = {
			isa = XCConfigurationList;
			buildConfigurations = (
				01D8FBCB200D8E3F00B04E75 /* Debug */,
				01D8FBCC200D8E3F00B04E75 /* Release */,
			);
			defaultConfigurationIsVisible = 0;
			defaultConfigurationName = Release;
		};
		01D8FBCD200D8E3F00B04E75 /* Build configuration list for PBXNativeTarget "MPassword" */ = {
			isa = XCConfigurationList;
			buildConfigurations = (
				01D8FBCE200D8E3F00B04E75 /* Debug */,
				01D8FBCF200D8E3F00B04E75 /* Release */,
			);
			defaultConfigurationIsVisible = 0;
			defaultConfigurationName = Release;
		};
		01D8FBD0200D8E3F00B04E75 /* Build configuration list for PBXNativeTarget "MPasswordTests" */ = {
			isa = XCConfigurationList;
			buildConfigurations = (
				01D8FBD1200D8E3F00B04E75 /* Debug */,
				01D8FBD2200D8E3F00B04E75 /* Release */,
			);
			defaultConfigurationIsVisible = 0;
			defaultConfigurationName = Release;
		};
		01D8FBD3200D8E3F00B04E75 /* Build configuration list for PBXNativeTarget "MPasswordUITests" */ = {
			isa = XCConfigurationList;
			buildConfigurations = (
				01D8FBD4200D8E3F00B04E75 /* Debug */,
				01D8FBD5200D8E3F00B04E75 /* Release */,
			);
			defaultConfigurationIsVisible = 0;
			defaultConfigurationName = Release;
		};
/* End XCConfigurationList section */
	};
	rootObject = 01D8FB9D200D8E3F00B04E75 /* Project object */;
}
